// !$*UTF8*$!
{
	archiveVersion = 1;
	classes = {
	};
	objectVersion = 56;
	objects = {

/* Begin PBXBuildFile section */
		319300212C9728140042E72F /* AppDelegate.swift in Sources */ = {isa = PBXBuildFile; fileRef = 319300202C9728140042E72F /* AppDelegate.swift */; };
		319300232C9728140042E72F /* SceneDelegate.swift in Sources */ = {isa = PBXBuildFile; fileRef = 319300222C9728140042E72F /* SceneDelegate.swift */; };
		319300252C9728140042E72F /* CategoriesVC.swift in Sources */ = {isa = PBXBuildFile; fileRef = 319300242C9728140042E72F /* CategoriesVC.swift */; };
		319300282C9728140042E72F /* Main.storyboard in Resources */ = {isa = PBXBuildFile; fileRef = 319300262C9728140042E72F /* Main.storyboard */; };
		3193002A2C9728150042E72F /* Assets.xcassets in Resources */ = {isa = PBXBuildFile; fileRef = 319300292C9728150042E72F /* Assets.xcassets */; };
		3193002D2C9728150042E72F /* LaunchScreen.storyboard in Resources */ = {isa = PBXBuildFile; fileRef = 3193002B2C9728150042E72F /* LaunchScreen.storyboard */; };
		319300382C9728160042E72F /* WeShopTests.swift in Sources */ = {isa = PBXBuildFile; fileRef = 319300372C9728160042E72F /* WeShopTests.swift */; };
		319300422C9728160042E72F /* WeShopUITests.swift in Sources */ = {isa = PBXBuildFile; fileRef = 319300412C9728160042E72F /* WeShopUITests.swift */; };
		319300442C9728160042E72F /* WeShopUITestsLaunchTests.swift in Sources */ = {isa = PBXBuildFile; fileRef = 319300432C9728160042E72F /* WeShopUITestsLaunchTests.swift */; };
		319300542C972C9C0042E72F /* CategoryCell.swift in Sources */ = {isa = PBXBuildFile; fileRef = 319300532C972C9C0042E72F /* CategoryCell.swift */; };
		319300562C972EF40042E72F /* category.swift in Sources */ = {isa = PBXBuildFile; fileRef = 319300552C972EF40042E72F /* category.swift */; };
		319300592C9730580042E72F /* DataServices.swift in Sources */ = {isa = PBXBuildFile; fileRef = 319300582C9730580042E72F /* DataServices.swift */; };
		31D0C4732C984C54001EE96A /* ProductCell.swift in Sources */ = {isa = PBXBuildFile; fileRef = 31D0C4722C984C54001EE96A /* ProductCell.swift */; };
		31D0C4752C9889B6001EE96A /* product.swift in Sources */ = {isa = PBXBuildFile; fileRef = 31D0C4742C9889B6001EE96A /* product.swift */; };
		31D0C4772C989315001EE96A /* ProductsVC.swift in Sources */ = {isa = PBXBuildFile; fileRef = 31D0C4762C989315001EE96A /* ProductsVC.swift */; };
/* End PBXBuildFile section */

/* Begin PBXContainerItemProxy section */
		319300342C9728160042E72F /* PBXContainerItemProxy */ = {
			isa = PBXContainerItemProxy;
			containerPortal = 319300152C9728140042E72F /* Project object */;
			proxyType = 1;
			remoteGlobalIDString = 3193001C2C9728140042E72F;
			remoteInfo = WeShop;
		};
		3193003E2C9728160042E72F /* PBXContainerItemProxy */ = {
			isa = PBXContainerItemProxy;
			containerPortal = 319300152C9728140042E72F /* Project object */;
			proxyType = 1;
			remoteGlobalIDString = 3193001C2C9728140042E72F;
			remoteInfo = WeShop;
		};
/* End PBXContainerItemProxy section */

/* Begin PBXFileReference section */
		3193001D2C9728140042E72F /* WeShop.app */ = {isa = PBXFileReference; explicitFileType = wrapper.application; includeInIndex = 0; path = WeShop.app; sourceTree = BUILT_PRODUCTS_DIR; };
		319300202C9728140042E72F /* AppDelegate.swift */ = {isa = PBXFileReference; lastKnownFileType = sourcecode.swift; path = AppDelegate.swift; sourceTree = "<group>"; };
		319300222C9728140042E72F /* SceneDelegate.swift */ = {isa = PBXFileReference; lastKnownFileType = sourcecode.swift; path = SceneDelegate.swift; sourceTree = "<group>"; };
		319300242C9728140042E72F /* CategoriesVC.swift */ = {isa = PBXFileReference; lastKnownFileType = sourcecode.swift; path = CategoriesVC.swift; sourceTree = "<group>"; };
		319300272C9728140042E72F /* Base */ = {isa = PBXFileReference; lastKnownFileType = file.storyboard; name = Base; path = Base.lproj/Main.storyboard; sourceTree = "<group>"; };
		319300292C9728150042E72F /* Assets.xcassets */ = {isa = PBXFileReference; lastKnownFileType = folder.assetcatalog; path = Assets.xcassets; sourceTree = "<group>"; };
		3193002C2C9728150042E72F /* Base */ = {isa = PBXFileReference; lastKnownFileType = file.storyboard; name = Base; path = Base.lproj/LaunchScreen.storyboard; sourceTree = "<group>"; };
		3193002E2C9728150042E72F /* Info.plist */ = {isa = PBXFileReference; lastKnownFileType = text.plist.xml; path = Info.plist; sourceTree = "<group>"; };
		319300332C9728160042E72F /* WeShopTests.xctest */ = {isa = PBXFileReference; explicitFileType = wrapper.cfbundle; includeInIndex = 0; path = WeShopTests.xctest; sourceTree = BUILT_PRODUCTS_DIR; };
		319300372C9728160042E72F /* WeShopTests.swift */ = {isa = PBXFileReference; lastKnownFileType = sourcecode.swift; path = WeShopTests.swift; sourceTree = "<group>"; };
		3193003D2C9728160042E72F /* WeShopUITests.xctest */ = {isa = PBXFileReference; explicitFileType = wrapper.cfbundle; includeInIndex = 0; path = WeShopUITests.xctest; sourceTree = BUILT_PRODUCTS_DIR; };
		319300412C9728160042E72F /* WeShopUITests.swift */ = {isa = PBXFileReference; lastKnownFileType = sourcecode.swift; path = WeShopUITests.swift; sourceTree = "<group>"; };
		319300432C9728160042E72F /* WeShopUITestsLaunchTests.swift */ = {isa = PBXFileReference; lastKnownFileType = sourcecode.swift; path = WeShopUITestsLaunchTests.swift; sourceTree = "<group>"; };
		319300532C972C9C0042E72F /* CategoryCell.swift */ = {isa = PBXFileReference; lastKnownFileType = sourcecode.swift; path = CategoryCell.swift; sourceTree = "<group>"; };
		319300552C972EF40042E72F /* category.swift */ = {isa = PBXFileReference; lastKnownFileType = sourcecode.swift; path = category.swift; sourceTree = "<group>"; };
		319300582C9730580042E72F /* DataServices.swift */ = {isa = PBXFileReference; lastKnownFileType = sourcecode.swift; path = DataServices.swift; sourceTree = "<group>"; };
		31D0C4722C984C54001EE96A /* ProductCell.swift */ = {isa = PBXFileReference; lastKnownFileType = sourcecode.swift; path = ProductCell.swift; sourceTree = "<group>"; };
		31D0C4742C9889B6001EE96A /* product.swift */ = {isa = PBXFileReference; lastKnownFileType = sourcecode.swift; path = product.swift; sourceTree = "<group>"; };
		31D0C4762C989315001EE96A /* ProductsVC.swift */ = {isa = PBXFileReference; lastKnownFileType = sourcecode.swift; path = ProductsVC.swift; sourceTree = "<group>"; };
/* End PBXFileReference section */

/* Begin PBXFrameworksBuildPhase section */
		3193001A2C9728140042E72F /* Frameworks */ = {
			isa = PBXFrameworksBuildPhase;
			buildActionMask = 2147483647;
			files = (
			);
			runOnlyForDeploymentPostprocessing = 0;
		};
		319300302C9728160042E72F /* Frameworks */ = {
			isa = PBXFrameworksBuildPhase;
			buildActionMask = 2147483647;
			files = (
			);
			runOnlyForDeploymentPostprocessing = 0;
		};
		3193003A2C9728160042E72F /* Frameworks */ = {
			isa = PBXFrameworksBuildPhase;
			buildActionMask = 2147483647;
			files = (
			);
			runOnlyForDeploymentPostprocessing = 0;
		};
/* End PBXFrameworksBuildPhase section */

/* Begin PBXGroup section */
		319300142C9728140042E72F = {
			isa = PBXGroup;
			children = (
				3193001F2C9728140042E72F /* WeShop */,
				319300362C9728160042E72F /* WeShopTests */,
				319300402C9728160042E72F /* WeShopUITests */,
				3193001E2C9728140042E72F /* Products */,
			);
			sourceTree = "<group>";
		};
		3193001E2C9728140042E72F /* Products */ = {
			isa = PBXGroup;
			children = (
				3193001D2C9728140042E72F /* WeShop.app */,
				319300332C9728160042E72F /* WeShopTests.xctest */,
				3193003D2C9728160042E72F /* WeShopUITests.xctest */,
			);
			name = Products;
			sourceTree = "<group>";
		};
		3193001F2C9728140042E72F /* WeShop */ = {
			isa = PBXGroup;
			children = (
				319300572C9730260042E72F /* Services */,
				319300522C972C270042E72F /* View */,
				319300512C972C1F0042E72F /* Model */,
				319300502C972C100042E72F /* Controller */,
				319300202C9728140042E72F /* AppDelegate.swift */,
				319300222C9728140042E72F /* SceneDelegate.swift */,
				319300262C9728140042E72F /* Main.storyboard */,
				319300292C9728150042E72F /* Assets.xcassets */,
				3193002B2C9728150042E72F /* LaunchScreen.storyboard */,
				3193002E2C9728150042E72F /* Info.plist */,
			);
			path = WeShop;
			sourceTree = "<group>";
		};
		319300362C9728160042E72F /* WeShopTests */ = {
			isa = PBXGroup;
			children = (
				319300372C9728160042E72F /* WeShopTests.swift */,
			);
			path = WeShopTests;
			sourceTree = "<group>";
		};
		319300402C9728160042E72F /* WeShopUITests */ = {
			isa = PBXGroup;
			children = (
				319300412C9728160042E72F /* WeShopUITests.swift */,
				319300432C9728160042E72F /* WeShopUITestsLaunchTests.swift */,
			);
			path = WeShopUITests;
			sourceTree = "<group>";
		};
		319300502C972C100042E72F /* Controller */ = {
			isa = PBXGroup;
			children = (
				319300242C9728140042E72F /* CategoriesVC.swift */,
				31D0C4762C989315001EE96A /* ProductsVC.swift */,
			);
			path = Controller;
			sourceTree = "<group>";
		};
		319300512C972C1F0042E72F /* Model */ = {
			isa = PBXGroup;
			children = (
				319300552C972EF40042E72F /* category.swift */,
				31D0C4742C9889B6001EE96A /* product.swift */,
			);
			path = Model;
			sourceTree = "<group>";
		};
		319300522C972C270042E72F /* View */ = {
			isa = PBXGroup;
			children = (
				319300532C972C9C0042E72F /* CategoryCell.swift */,
				31D0C4722C984C54001EE96A /* ProductCell.swift */,
			);
			path = View;
			sourceTree = "<group>";
		};
		319300572C9730260042E72F /* Services */ = {
			isa = PBXGroup;
			children = (
				319300582C9730580042E72F /* DataServices.swift */,
			);
			path = Services;
			sourceTree = "<group>";
		};
/* End PBXGroup section */

/* Begin PBXNativeTarget section */
		3193001C2C9728140042E72F /* WeShop */ = {
			isa = PBXNativeTarget;
			buildConfigurationList = 319300472C9728160042E72F /* Build configuration list for PBXNativeTarget "WeShop" */;
			buildPhases = (
				319300192C9728140042E72F /* Sources */,
				3193001A2C9728140042E72F /* Frameworks */,
				3193001B2C9728140042E72F /* Resources */,
			);
			buildRules = (
			);
			dependencies = (
			);
			name = WeShop;
			productName = WeShop;
			productReference = 3193001D2C9728140042E72F /* WeShop.app */;
			productType = "com.apple.product-type.application";
		};
		319300322C9728160042E72F /* WeShopTests */ = {
			isa = PBXNativeTarget;
			buildConfigurationList = 3193004A2C9728160042E72F /* Build configuration list for PBXNativeTarget "WeShopTests" */;
			buildPhases = (
				3193002F2C9728160042E72F /* Sources */,
				319300302C9728160042E72F /* Frameworks */,
				319300312C9728160042E72F /* Resources */,
			);
			buildRules = (
			);
			dependencies = (
				319300352C9728160042E72F /* PBXTargetDependency */,
			);
			name = WeShopTests;
			productName = WeShopTests;
			productReference = 319300332C9728160042E72F /* WeShopTests.xctest */;
			productType = "com.apple.product-type.bundle.unit-test";
		};
		3193003C2C9728160042E72F /* WeShopUITests */ = {
			isa = PBXNativeTarget;
			buildConfigurationList = 3193004D2C9728160042E72F /* Build configuration list for PBXNativeTarget "WeShopUITests" */;
			buildPhases = (
				319300392C9728160042E72F /* Sources */,
				3193003A2C9728160042E72F /* Frameworks */,
				3193003B2C9728160042E72F /* Resources */,
			);
			buildRules = (
			);
			dependencies = (
				3193003F2C9728160042E72F /* PBXTargetDependency */,
			);
			name = WeShopUITests;
			productName = WeShopUITests;
			productReference = 3193003D2C9728160042E72F /* WeShopUITests.xctest */;
			productType = "com.apple.product-type.bundle.ui-testing";
		};
/* End PBXNativeTarget section */

/* Begin PBXProject section */
		319300152C9728140042E72F /* Project object */ = {
			isa = PBXProject;
			attributes = {
				BuildIndependentTargetsInParallel = 1;
				LastSwiftUpdateCheck = 1420;
				LastUpgradeCheck = 1420;
				TargetAttributes = {
					3193001C2C9728140042E72F = {
						CreatedOnToolsVersion = 14.2;
					};
					319300322C9728160042E72F = {
						CreatedOnToolsVersion = 14.2;
						TestTargetID = 3193001C2C9728140042E72F;
					};
					3193003C2C9728160042E72F = {
						CreatedOnToolsVersion = 14.2;
						TestTargetID = 3193001C2C9728140042E72F;
					};
				};
			};
			buildConfigurationList = 319300182C9728140042E72F /* Build configuration list for PBXProject "WeShop" */;
			compatibilityVersion = "Xcode 14.0";
			developmentRegion = en;
			hasScannedForEncodings = 0;
			knownRegions = (
				en,
				Base,
			);
			mainGroup = 319300142C9728140042E72F;
			productRefGroup = 3193001E2C9728140042E72F /* Products */;
			projectDirPath = "";
			projectRoot = "";
			targets = (
				3193001C2C9728140042E72F /* WeShop */,
				319300322C9728160042E72F /* WeShopTests */,
				3193003C2C9728160042E72F /* WeShopUITests */,
			);
		};
/* End PBXProject section */

/* Begin PBXResourcesBuildPhase section */
		3193001B2C9728140042E72F /* Resources */ = {
			isa = PBXResourcesBuildPhase;
			buildActionMask = 2147483647;
			files = (
				3193002D2C9728150042E72F /* LaunchScreen.storyboard in Resources */,
				3193002A2C9728150042E72F /* Assets.xcassets in Resources */,
				319300282C9728140042E72F /* Main.storyboard in Resources */,
			);
			runOnlyForDeploymentPostprocessing = 0;
		};
		319300312C9728160042E72F /* Resources */ = {
			isa = PBXResourcesBuildPhase;
			buildActionMask = 2147483647;
			files = (
			);
			runOnlyForDeploymentPostprocessing = 0;
		};
		3193003B2C9728160042E72F /* Resources */ = {
			isa = PBXResourcesBuildPhase;
			buildActionMask = 2147483647;
			files = (
			);
			runOnlyForDeploymentPostprocessing = 0;
		};
/* End PBXResourcesBuildPhase section */

/* Begin PBXSourcesBuildPhase section */
		319300192C9728140042E72F /* Sources */ = {
			isa = PBXSourcesBuildPhase;
			buildActionMask = 2147483647;
			files = (
				319300252C9728140042E72F /* CategoriesVC.swift in Sources */,
				31D0C4752C9889B6001EE96A /* product.swift in Sources */,
				319300562C972EF40042E72F /* category.swift in Sources */,
				319300212C9728140042E72F /* AppDelegate.swift in Sources */,
				319300592C9730580042E72F /* DataServices.swift in Sources */,
				319300542C972C9C0042E72F /* CategoryCell.swift in Sources */,
				319300232C9728140042E72F /* SceneDelegate.swift in Sources */,
				31D0C4732C984C54001EE96A /* ProductCell.swift in Sources */,
				31D0C4772C989315001EE96A /* ProductsVC.swift in Sources */,
			);
			runOnlyForDeploymentPostprocessing = 0;
		};
		3193002F2C9728160042E72F /* Sources */ = {
			isa = PBXSourcesBuildPhase;
			buildActionMask = 2147483647;
			files = (
				319300382C9728160042E72F /* WeShopTests.swift in Sources */,
			);
			runOnlyForDeploymentPostprocessing = 0;
		};
		319300392C9728160042E72F /* Sources */ = {
			isa = PBXSourcesBuildPhase;
			buildActionMask = 2147483647;
			files = (
				319300442C9728160042E72F /* WeShopUITestsLaunchTests.swift in Sources */,
				319300422C9728160042E72F /* WeShopUITests.swift in Sources */,
			);
			runOnlyForDeploymentPostprocessing = 0;
		};
/* End PBXSourcesBuildPhase section */

/* Begin PBXTargetDependency section */
		319300352C9728160042E72F /* PBXTargetDependency */ = {
			isa = PBXTargetDependency;
			target = 3193001C2C9728140042E72F /* WeShop */;
			targetProxy = 319300342C9728160042E72F /* PBXContainerItemProxy */;
		};
		3193003F2C9728160042E72F /* PBXTargetDependency */ = {
			isa = PBXTargetDependency;
			target = 3193001C2C9728140042E72F /* WeShop */;
			targetProxy = 3193003E2C9728160042E72F /* PBXContainerItemProxy */;
		};
/* End PBXTargetDependency section */

/* Begin PBXVariantGroup section */
		319300262C9728140042E72F /* Main.storyboard */ = {
			isa = PBXVariantGroup;
			children = (
				319300272C9728140042E72F /* Base */,
			);
			name = Main.storyboard;
			sourceTree = "<group>";
		};
		3193002B2C9728150042E72F /* LaunchScreen.storyboard */ = {
			isa = PBXVariantGroup;
			children = (
				3193002C2C9728150042E72F /* Base */,
			);
			name = LaunchScreen.storyboard;
			sourceTree = "<group>";
		};
/* End PBXVariantGroup section */

/* Begin XCBuildConfiguration section */
		319300452C9728160042E72F /* Debug */ = {
			isa = XCBuildConfiguration;
			buildSettings = {
				ALWAYS_SEARCH_USER_PATHS = NO;
				CLANG_ANALYZER_NONNULL = YES;
				CLANG_ANALYZER_NUMBER_OBJECT_CONVERSION = YES_AGGRESSIVE;
				CLANG_CXX_LANGUAGE_STANDARD = "gnu++20";
				CLANG_ENABLE_MODULES = YES;
				CLANG_ENABLE_OBJC_ARC = YES;
				CLANG_ENABLE_OBJC_WEAK = YES;
				CLANG_WARN_BLOCK_CAPTURE_AUTORELEASING = YES;
				CLANG_WARN_BOOL_CONVERSION = YES;
				CLANG_WARN_COMMA = YES;
				CLANG_WARN_CONSTANT_CONVERSION = YES;
				CLANG_WARN_DEPRECATED_OBJC_IMPLEMENTATIONS = YES;
				CLANG_WARN_DIRECT_OBJC_ISA_USAGE = YES_ERROR;
				CLANG_WARN_DOCUMENTATION_COMMENTS = YES;
				CLANG_WARN_EMPTY_BODY = YES;
				CLANG_WARN_ENUM_CONVERSION = YES;
				CLANG_WARN_INFINITE_RECURSION = YES;
				CLANG_WARN_INT_CONVERSION = YES;
				CLANG_WARN_NON_LITERAL_NULL_CONVERSION = YES;
				CLANG_WARN_OBJC_IMPLICIT_RETAIN_SELF = YES;
				CLANG_WARN_OBJC_LITERAL_CONVERSION = YES;
				CLANG_WARN_OBJC_ROOT_CLASS = YES_ERROR;
				CLANG_WARN_QUOTED_INCLUDE_IN_FRAMEWORK_HEADER = YES;
				CLANG_WARN_RANGE_LOOP_ANALYSIS = YES;
				CLANG_WARN_STRICT_PROTOTYPES = YES;
				CLANG_WARN_SUSPICIOUS_MOVE = YES;
				CLANG_WARN_UNGUARDED_AVAILABILITY = YES_AGGRESSIVE;
				CLANG_WARN_UNREACHABLE_CODE = YES;
				CLANG_WARN__DUPLICATE_METHOD_MATCH = YES;
				COPY_PHASE_STRIP = NO;
				DEBUG_INFORMATION_FORMAT = dwarf;
				ENABLE_STRICT_OBJC_MSGSEND = YES;
				ENABLE_TESTABILITY = YES;
				GCC_C_LANGUAGE_STANDARD = gnu11;
				GCC_DYNAMIC_NO_PIC = NO;
				GCC_NO_COMMON_BLOCKS = YES;
				GCC_OPTIMIZATION_LEVEL = 0;
				GCC_PREPROCESSOR_DEFINITIONS = (
					"DEBUG=1",
					"$(inherited)",
				);
				GCC_WARN_64_TO_32_BIT_CONVERSION = YES;
				GCC_WARN_ABOUT_RETURN_TYPE = YES_ERROR;
				GCC_WARN_UNDECLARED_SELECTOR = YES;
				GCC_WARN_UNINITIALIZED_AUTOS = YES_AGGRESSIVE;
				GCC_WARN_UNUSED_FUNCTION = YES;
				GCC_WARN_UNUSED_VARIABLE = YES;
				IPHONEOS_DEPLOYMENT_TARGET = 16.2;
				MTL_ENABLE_DEBUG_INFO = INCLUDE_SOURCE;
				MTL_FAST_MATH = YES;
				ONLY_ACTIVE_ARCH = YES;
				SDKROOT = iphoneos;
				SWIFT_ACTIVE_COMPILATION_CONDITIONS = DEBUG;
				SWIFT_OPTIMIZATION_LEVEL = "-Onone";
			};
			name = Debug;
		};
		319300462C9728160042E72F /* Release */ = {
			isa = XCBuildConfiguration;
			buildSettings = {
				ALWAYS_SEARCH_USER_PATHS = NO;
				CLANG_ANALYZER_NONNULL = YES;
				CLANG_ANALYZER_NUMBER_OBJECT_CONVERSION = YES_AGGRESSIVE;
				CLANG_CXX_LANGUAGE_STANDARD = "gnu++20";
				CLANG_ENABLE_MODULES = YES;
				CLANG_ENABLE_OBJC_ARC = YES;
				CLANG_ENABLE_OBJC_WEAK = YES;
				CLANG_WARN_BLOCK_CAPTURE_AUTORELEASING = YES;
				CLANG_WARN_BOOL_CONVERSION = YES;
				CLANG_WARN_COMMA = YES;
				CLANG_WARN_CONSTANT_CONVERSION = YES;
				CLANG_WARN_DEPRECATED_OBJC_IMPLEMENTATIONS = YES;
				CLANG_WARN_DIRECT_OBJC_ISA_USAGE = YES_ERROR;
				CLANG_WARN_DOCUMENTATION_COMMENTS = YES;
				CLANG_WARN_EMPTY_BODY = YES;
				CLANG_WARN_ENUM_CONVERSION = YES;
				CLANG_WARN_INFINITE_RECURSION = YES;
				CLANG_WARN_INT_CONVERSION = YES;
				CLANG_WARN_NON_LITERAL_NULL_CONVERSION = YES;
				CLANG_WARN_OBJC_IMPLICIT_RETAIN_SELF = YES;
				CLANG_WARN_OBJC_LITERAL_CONVERSION = YES;
				CLANG_WARN_OBJC_ROOT_CLASS = YES_ERROR;
				CLANG_WARN_QUOTED_INCLUDE_IN_FRAMEWORK_HEADER = YES;
				CLANG_WARN_RANGE_LOOP_ANALYSIS = YES;
				CLANG_WARN_STRICT_PROTOTYPES = YES;
				CLANG_WARN_SUSPICIOUS_MOVE = YES;
				CLANG_WARN_UNGUARDED_AVAILABILITY = YES_AGGRESSIVE;
				CLANG_WARN_UNREACHABLE_CODE = YES;
				CLANG_WARN__DUPLICATE_METHOD_MATCH = YES;
				COPY_PHASE_STRIP = NO;
				DEBUG_INFORMATION_FORMAT = "dwarf-with-dsym";
				ENABLE_NS_ASSERTIONS = NO;
				ENABLE_STRICT_OBJC_MSGSEND = YES;
				GCC_C_LANGUAGE_STANDARD = gnu11;
				GCC_NO_COMMON_BLOCKS = YES;
				GCC_WARN_64_TO_32_BIT_CONVERSION = YES;
				GCC_WARN_ABOUT_RETURN_TYPE = YES_ERROR;
				GCC_WARN_UNDECLARED_SELECTOR = YES;
				GCC_WARN_UNINITIALIZED_AUTOS = YES_AGGRESSIVE;
				GCC_WARN_UNUSED_FUNCTION = YES;
				GCC_WARN_UNUSED_VARIABLE = YES;
				IPHONEOS_DEPLOYMENT_TARGET = 16.2;
				MTL_ENABLE_DEBUG_INFO = NO;
				MTL_FAST_MATH = YES;
				SDKROOT = iphoneos;
				SWIFT_COMPILATION_MODE = wholemodule;
				SWIFT_OPTIMIZATION_LEVEL = "-O";
				VALIDATE_PRODUCT = YES;
			};
			name = Release;
		};
		319300482C9728160042E72F /* Debug */ = {
			isa = XCBuildConfiguration;
			buildSettings = {
				ASSETCATALOG_COMPILER_APPICON_NAME = AppIcon;
				ASSETCATALOG_COMPILER_GLOBAL_ACCENT_COLOR_NAME = AccentColor;
				CODE_SIGN_STYLE = Automatic;
				CURRENT_PROJECT_VERSION = 1;
				GENERATE_INFOPLIST_FILE = YES;
				INFOPLIST_FILE = WeShop/Info.plist;
				INFOPLIST_KEY_UIApplicationSupportsIndirectInputEvents = YES;
				INFOPLIST_KEY_UILaunchStoryboardName = LaunchScreen;
				INFOPLIST_KEY_UIMainStoryboardFile = Main;
				INFOPLIST_KEY_UISupportedInterfaceOrientations_iPad = "UIInterfaceOrientationPortrait UIInterfaceOrientationPortraitUpsideDown UIInterfaceOrientationLandscapeLeft UIInterfaceOrientationLandscapeRight";
				INFOPLIST_KEY_UISupportedInterfaceOrientations_iPhone = "UIInterfaceOrientationPortrait UIInterfaceOrientationLandscapeLeft UIInterfaceOrientationLandscapeRight";
				LD_RUNPATH_SEARCH_PATHS = (
					"$(inherited)",
					"@executable_path/Frameworks",
				);
				MARKETING_VERSION = 1.0;
				PRODUCT_BUNDLE_IDENTIFIER = ThuTra.WeShop;
				PRODUCT_NAME = "$(TARGET_NAME)";
				SWIFT_EMIT_LOC_STRINGS = YES;
				SWIFT_VERSION = 5.0;
				TARGETED_DEVICE_FAMILY = "1,2";
			};
			name = Debug;
		};
		319300492C9728160042E72F /* Release */ = {
			isa = XCBuildConfiguration;
			buildSettings = {
				ASSETCATALOG_COMPILER_APPICON_NAME = AppIcon;
				ASSETCATALOG_COMPILER_GLOBAL_ACCENT_COLOR_NAME = AccentColor;
				CODE_SIGN_STYLE = Automatic;
				CURRENT_PROJECT_VERSION = 1;
				GENERATE_INFOPLIST_FILE = YES;
				INFOPLIST_FILE = WeShop/Info.plist;
				INFOPLIST_KEY_UIApplicationSupportsIndirectInputEvents = YES;
				INFOPLIST_KEY_UILaunchStoryboardName = LaunchScreen;
				INFOPLIST_KEY_UIMainStoryboardFile = Main;
				INFOPLIST_KEY_UISupportedInterfaceOrientations_iPad = "UIInterfaceOrientationPortrait UIInterfaceOrientationPortraitUpsideDown UIInterfaceOrientationLandscapeLeft UIInterfaceOrientationLandscapeRight";
				INFOPLIST_KEY_UISupportedInterfaceOrientations_iPhone = "UIInterfaceOrientationPortrait UIInterfaceOrientationLandscapeLeft UIInterfaceOrientationLandscapeRight";
				LD_RUNPATH_SEARCH_PATHS = (
					"$(inherited)",
					"@executable_path/Frameworks",
				);
				MARKETING_VERSION = 1.0;
				PRODUCT_BUNDLE_IDENTIFIER = ThuTra.WeShop;
				PRODUCT_NAME = "$(TARGET_NAME)";
				SWIFT_EMIT_LOC_STRINGS = YES;
				SWIFT_VERSION = 5.0;
				TARGETED_DEVICE_FAMILY = "1,2";
			};
			name = Release;
		};
		3193004B2C9728160042E72F /* Debug */ = {
			isa = XCBuildConfiguration;
			buildSettings = {
				ALWAYS_EMBED_SWIFT_STANDARD_LIBRARIES = YES;
				BUNDLE_LOADER = "$(TEST_HOST)";
				CODE_SIGN_STYLE = Automatic;
				CURRENT_PROJECT_VERSION = 1;
				GENERATE_INFOPLIST_FILE = YES;
				IPHONEOS_DEPLOYMENT_TARGET = 16.2;
				MARKETING_VERSION = 1.0;
				PRODUCT_BUNDLE_IDENTIFIER = ThuTra.WeShopTests;
				PRODUCT_NAME = "$(TARGET_NAME)";
				SWIFT_EMIT_LOC_STRINGS = NO;
				SWIFT_VERSION = 5.0;
				TARGETED_DEVICE_FAMILY = "1,2";
				TEST_HOST = "$(BUILT_PRODUCTS_DIR)/WeShop.app/$(BUNDLE_EXECUTABLE_FOLDER_PATH)/WeShop";
			};
			name = Debug;
		};
		3193004C2C9728160042E72F /* Release */ = {
			isa = XCBuildConfiguration;
			buildSettings = {
				ALWAYS_EMBED_SWIFT_STANDARD_LIBRARIES = YES;
				BUNDLE_LOADER = "$(TEST_HOST)";
				CODE_SIGN_STYLE = Automatic;
				CURRENT_PROJECT_VERSION = 1;
				GENERATE_INFOPLIST_FILE = YES;
				IPHONEOS_DEPLOYMENT_TARGET = 16.2;
				MARKETING_VERSION = 1.0;
				PRODUCT_BUNDLE_IDENTIFIER = ThuTra.WeShopTests;
				PRODUCT_NAME = "$(TARGET_NAME)";
				SWIFT_EMIT_LOC_STRINGS = NO;
				SWIFT_VERSION = 5.0;
				TARGETED_DEVICE_FAMILY = "1,2";
				TEST_HOST = "$(BUILT_PRODUCTS_DIR)/WeShop.app/$(BUNDLE_EXECUTABLE_FOLDER_PATH)/WeShop";
			};
			name = Release;
		};
		3193004E2C9728160042E72F /* Debug */ = {
			isa = XCBuildConfiguration;
			buildSettings = {
				ALWAYS_EMBED_SWIFT_STANDARD_LIBRARIES = YES;
				CODE_SIGN_STYLE = Automatic;
				CURRENT_PROJECT_VERSION = 1;
				GENERATE_INFOPLIST_FILE = YES;
				MARKETING_VERSION = 1.0;
				PRODUCT_BUNDLE_IDENTIFIER = ThuTra.WeShopUITests;
				PRODUCT_NAME = "$(TARGET_NAME)";
				SWIFT_EMIT_LOC_STRINGS = NO;
				SWIFT_VERSION = 5.0;
				TARGETED_DEVICE_FAMILY = "1,2";
				TEST_TARGET_NAME = WeShop;
			};
			name = Debug;
		};
		3193004F2C9728160042E72F /* Release */ = {
			isa = XCBuildConfiguration;
			buildSettings = {
				ALWAYS_EMBED_SWIFT_STANDARD_LIBRARIES = YES;
				CODE_SIGN_STYLE = Automatic;
				CURRENT_PROJECT_VERSION = 1;
				GENERATE_INFOPLIST_FILE = YES;
				MARKETING_VERSION = 1.0;
				PRODUCT_BUNDLE_IDENTIFIER = ThuTra.WeShopUITests;
				PRODUCT_NAME = "$(TARGET_NAME)";
				SWIFT_EMIT_LOC_STRINGS = NO;
				SWIFT_VERSION = 5.0;
				TARGETED_DEVICE_FAMILY = "1,2";
				TEST_TARGET_NAME = WeShop;
			};
			name = Release;
		};
/* End XCBuildConfiguration section */

/* Begin XCConfigurationList section */
		319300182C9728140042E72F /* Build configuration list for PBXProject "WeShop" */ = {
			isa = XCConfigurationList;
			buildConfigurations = (
				319300452C9728160042E72F /* Debug */,
				319300462C9728160042E72F /* Release */,
			);
			defaultConfigurationIsVisible = 0;
			defaultConfigurationName = Release;
		};
		319300472C9728160042E72F /* Build configuration list for PBXNativeTarget "WeShop" */ = {
			isa = XCConfigurationList;
			buildConfigurations = (
				319300482C9728160042E72F /* Debug */,
				319300492C9728160042E72F /* Release */,
			);
			defaultConfigurationIsVisible = 0;
			defaultConfigurationName = Release;
		};
		3193004A2C9728160042E72F /* Build configuration list for PBXNativeTarget "WeShopTests" */ = {
			isa = XCConfigurationList;
			buildConfigurations = (
				3193004B2C9728160042E72F /* Debug */,
				3193004C2C9728160042E72F /* Release */,
			);
			defaultConfigurationIsVisible = 0;
			defaultConfigurationName = Release;
		};
		3193004D2C9728160042E72F /* Build configuration list for PBXNativeTarget "WeShopUITests" */ = {
			isa = XCConfigurationList;
			buildConfigurations = (
				3193004E2C9728160042E72F /* Debug */,
				3193004F2C9728160042E72F /* Release */,
			);
			defaultConfigurationIsVisible = 0;
			defaultConfigurationName = Release;
		};
/* End XCConfigurationList section */
	};
	rootObject = 319300152C9728140042E72F /* Project object */;
}
